
Microsoft Visual Studio Solution File, Format Version 12.00
# Visual Studio Version 17
VisualStudioVersion = 17.8.34525.116
MinimumVisualStudioVersion = 10.0.40219.1
Project("{9A19103F-16F7-4668-BE54-9A1E7A4F7556}") = "WebApp", "WebApp.csproj", "{639B9E9B-B5E5-4E6A-BAA1-44939B14F947}"
EndProject
Project("{FAE04EC0-301F-11D3-BF4B-00C04F79EFBC}") = "Entities", "..\Entities\Entities.csproj", "{08D19FFC-DEDE-48AD-9760-1CA27918E9AB}"
EndProject
Project("{9A19103F-16F7-4668-BE54-9A1E7A4F7556}") = "BLL", "..\BLL\BLL.csproj", "{C4D2394F-0B38-4BAC-8B8E-57F926A9573F}"
EndProject
Project("{9A19103F-16F7-4668-BE54-9A1E7A4F7556}") = "DAL", "..\DAL\DAL.csproj", "{7FCE377C-EBCF-4256-960F-DC6BFE909E18}"
EndProject
Global
	GlobalSection(SolutionConfigurationPlatforms) = preSolution
		Debug|Any CPU = Debug|Any CPU
		Release|Any CPU = Release|Any CPU
	EndGlobalSection
	GlobalSection(ProjectConfigurationPlatforms) = postSolution
		{639B9E9B-B5E5-4E6A-BAA1-44939B14F947}.Debug|Any CPU.ActiveCfg = Debug|Any CPU
		{639B9E9B-B5E5-4E6A-BAA1-44939B14F947}.Debug|Any CPU.Build.0 = Debug|Any CPU
		{639B9E9B-B5E5-4E6A-BAA1-44939B14F947}.Release|Any CPU.ActiveCfg = Release|Any CPU
		{639B9E9B-B5E5-4E6A-BAA1-44939B14F947}.Release|Any CPU.Build.0 = Release|Any CPU
		{08D19FFC-DEDE-48AD-9760-1CA27918E9AB}.Debug|Any CPU.ActiveCfg = Debug|Any CPU
		{08D19FFC-DEDE-48AD-9760-1CA27918E9AB}.Debug|Any CPU.Build.0 = Debug|Any CPU
		{08D19FFC-DEDE-48AD-9760-1CA27918E9AB}.Release|Any CPU.ActiveCfg = Release|Any CPU
		{08D19FFC-DEDE-48AD-9760-1CA27918E9AB}.Release|Any CPU.Build.0 = Release|Any CPU
		{C4D2394F-0B38-4BAC-8B8E-57F926A9573F}.Debug|Any CPU.ActiveCfg = Debug|Any CPU
		{C4D2394F-0B38-4BAC-8B8E-57F926A9573F}.Debug|Any CPU.Build.0 = Debug|Any CPU
		{C4D2394F-0B38-4BAC-8B8E-57F926A9573F}.Release|Any CPU.ActiveCfg = Release|Any CPU
		{C4D2394F-0B38-4BAC-8B8E-57F926A9573F}.Release|Any CPU.Build.0 = Release|Any CPU
		{7FCE377C-EBCF-4256-960F-DC6BFE909E18}.Debug|Any CPU.ActiveCfg = Debug|Any CPU
		{7FCE377C-EBCF-4256-960F-DC6BFE909E18}.Debug|Any CPU.Build.0 = Debug|Any CPU
		{7FCE377C-EBCF-4256-960F-DC6BFE909E18}.Release|Any CPU.ActiveCfg = Release|Any CPU
		{7FCE377C-EBCF-4256-960F-DC6BFE909E18}.Release|Any CPU.Build.0 = Release|Any CPU
	EndGlobalSection
	GlobalSection(SolutionProperties) = preSolution
		HideSolutionNode = FALSE
	EndGlobalSection
	GlobalSection(ExtensibilityGlobals) = postSolution
		SolutionGuid = {77B7543F-13CB-4CA8-BEBD-1B1777D13134}
	EndGlobalSection
EndGlobal
